
Microsoft Visual Studio Solution File, Format Version 12.00
# Visual Studio Version 17
VisualStudioVersion = 17.14.36221.1 d17.14
MinimumVisualStudioVersion = 10.0.40219.1
Project("{FAE04EC0-301F-11D3-BF4B-00C04F79EFBC}") = "Selenium_In_C#", "Selenium_In_C#\Selenium_In_C#.csproj", "{70266563-1103-484A-8C11-3113620BCD9C}"
EndProject
Global
	GlobalSection(SolutionConfigurationPlatforms) = preSolution
		Debug|Any CPU = Debug|Any CPU
		Release|Any CPU = Release|Any CPU
	EndGlobalSection
	GlobalSection(ProjectConfigurationPlatforms) = postSolution
		{70266563-1103-484A-8C11-3113620BCD9C}.Debug|Any CPU.ActiveCfg = Debug|Any CPU
		{70266563-1103-484A-8C11-3113620BCD9C}.Debug|Any CPU.Build.0 = Debug|Any CPU
		{70266563-1103-484A-8C11-3113620BCD9C}.Release|Any CPU.ActiveCfg = Release|Any CPU
		{70266563-1103-484A-8C11-3113620BCD9C}.Release|Any CPU.Build.0 = Release|Any CPU
	EndGlobalSection
	GlobalSection(SolutionProperties) = preSolution
		HideSolutionNode = FALSE
	EndGlobalSection
	GlobalSection(ExtensibilityGlobals) = postSolution
		SolutionGuid = {0EC81BE7-8C28-401F-99A3-9FAB868CD371}
	EndGlobalSection
EndGlobal
